
Microsoft Visual Studio Solution File, Format Version 12.00
# Visual Studio Version 17
VisualStudioVersion = 17.6.33723.286
MinimumVisualStudioVersion = 10.0.40219.1
Project("{FAE04EC0-301F-11D3-BF4B-00C04F79EFBC}") = "Binary-Search", "Binary-Search\Binary-Search.csproj", "{B1AD6A7F-5916-4EC0-BA36-AB4285AD389D}"
EndProject
Global
	GlobalSection(SolutionConfigurationPlatforms) = preSolution
		Debug|Any CPU = Debug|Any CPU
		Release|Any CPU = Release|Any CPU
	EndGlobalSection
	GlobalSection(ProjectConfigurationPlatforms) = postSolution
		{B1AD6A7F-5916-4EC0-BA36-AB4285AD389D}.Debug|Any CPU.ActiveCfg = Debug|Any CPU
		{B1AD6A7F-5916-4EC0-BA36-AB4285AD389D}.Debug|Any CPU.Build.0 = Debug|Any CPU
		{B1AD6A7F-5916-4EC0-BA36-AB4285AD389D}.Release|Any CPU.ActiveCfg = Release|Any CPU
		{B1AD6A7F-5916-4EC0-BA36-AB4285AD389D}.Release|Any CPU.Build.0 = Release|Any CPU
	EndGlobalSection
	GlobalSection(SolutionProperties) = preSolution
		HideSolutionNode = FALSE
	EndGlobalSection
	GlobalSection(ExtensibilityGlobals) = postSolution
		SolutionGuid = {288D5D89-0984-4046-9B6B-815EF09B8C32}
	EndGlobalSection
EndGlobal
